// !$*UTF8*$!
{
	archiveVersion = 1;
	classes = {
	};
	objectVersion = 55;
	objects = {

/* Begin PBXBuildFile section */
		339E61EF864ACF4E6F1C155C /* Pods_NWeatherApp.framework in Frameworks */ = {isa = PBXBuildFile; fileRef = 218EC00745B61ADC2C99EB67 /* Pods_NWeatherApp.framework */; };
		9A5EFBDA285A8689003B632C /* GoogleMapViewController.swift in Sources */ = {isa = PBXBuildFile; fileRef = 9A5EFBD9285A8689003B632C /* GoogleMapViewController.swift */; };
		9A92A3DE2859106B004FCF87 /* WelcomeViewController.swift in Sources */ = {isa = PBXBuildFile; fileRef = 9A92A3DD2859106B004FCF87 /* WelcomeViewController.swift */; };
		9A92A3E02859107A004FCF87 /* Constants.swift in Sources */ = {isa = PBXBuildFile; fileRef = 9A92A3DF2859107A004FCF87 /* Constants.swift */; };
		9A92A3E2285910AE004FCF87 /* GoogleService-Info.plist in Resources */ = {isa = PBXBuildFile; fileRef = 9A92A3E1285910AE004FCF87 /* GoogleService-Info.plist */; };
		9AEF79E728590CF6002DC18F /* AppDelegate.swift in Sources */ = {isa = PBXBuildFile; fileRef = 9AEF79E628590CF6002DC18F /* AppDelegate.swift */; };
		9AEF79E928590CF6002DC18F /* SceneDelegate.swift in Sources */ = {isa = PBXBuildFile; fileRef = 9AEF79E828590CF6002DC18F /* SceneDelegate.swift */; };
		9AEF79EB28590CF6002DC18F /* WeatherViewController.swift in Sources */ = {isa = PBXBuildFile; fileRef = 9AEF79EA28590CF6002DC18F /* WeatherViewController.swift */; };
		9AEF79EE28590CF6002DC18F /* Main.storyboard in Resources */ = {isa = PBXBuildFile; fileRef = 9AEF79EC28590CF6002DC18F /* Main.storyboard */; };
		9AEF79F028590CF7002DC18F /* Assets.xcassets in Resources */ = {isa = PBXBuildFile; fileRef = 9AEF79EF28590CF7002DC18F /* Assets.xcassets */; };
		9AEF79F328590CF7002DC18F /* LaunchScreen.storyboard in Resources */ = {isa = PBXBuildFile; fileRef = 9AEF79F128590CF7002DC18F /* LaunchScreen.storyboard */; };
/* End PBXBuildFile section */

/* Begin PBXFileReference section */
		218EC00745B61ADC2C99EB67 /* Pods_NWeatherApp.framework */ = {isa = PBXFileReference; explicitFileType = wrapper.framework; includeInIndex = 0; path = Pods_NWeatherApp.framework; sourceTree = BUILT_PRODUCTS_DIR; };
		6511CB5D65A5E330F08D52EC /* Pods-NWeatherApp.release.xcconfig */ = {isa = PBXFileReference; includeInIndex = 1; lastKnownFileType = text.xcconfig; name = "Pods-NWeatherApp.release.xcconfig"; path = "Target Support Files/Pods-NWeatherApp/Pods-NWeatherApp.release.xcconfig"; sourceTree = "<group>"; };
		7B584EAF2A87541CD86486A0 /* Pods-NWeatherApp.debug.xcconfig */ = {isa = PBXFileReference; includeInIndex = 1; lastKnownFileType = text.xcconfig; name = "Pods-NWeatherApp.debug.xcconfig"; path = "Target Support Files/Pods-NWeatherApp/Pods-NWeatherApp.debug.xcconfig"; sourceTree = "<group>"; };
		9A5EFBD9285A8689003B632C /* GoogleMapViewController.swift */ = {isa = PBXFileReference; lastKnownFileType = sourcecode.swift; path = GoogleMapViewController.swift; sourceTree = "<group>"; };
		9A92A3DD2859106B004FCF87 /* WelcomeViewController.swift */ = {isa = PBXFileReference; lastKnownFileType = sourcecode.swift; path = WelcomeViewController.swift; sourceTree = "<group>"; };
		9A92A3DF2859107A004FCF87 /* Constants.swift */ = {isa = PBXFileReference; lastKnownFileType = sourcecode.swift; path = Constants.swift; sourceTree = "<group>"; };
		9A92A3E1285910AE004FCF87 /* GoogleService-Info.plist */ = {isa = PBXFileReference; fileEncoding = 4; lastKnownFileType = text.plist.xml; path = "GoogleService-Info.plist"; sourceTree = "<group>"; };
		9AEF79E328590CF6002DC18F /* NWeatherApp.app */ = {isa = PBXFileReference; explicitFileType = wrapper.application; includeInIndex = 0; path = NWeatherApp.app; sourceTree = BUILT_PRODUCTS_DIR; };
		9AEF79E628590CF6002DC18F /* AppDelegate.swift */ = {isa = PBXFileReference; lastKnownFileType = sourcecode.swift; path = AppDelegate.swift; sourceTree = "<group>"; };
		9AEF79E828590CF6002DC18F /* SceneDelegate.swift */ = {isa = PBXFileReference; lastKnownFileType = sourcecode.swift; path = SceneDelegate.swift; sourceTree = "<group>"; };
		9AEF79EA28590CF6002DC18F /* WeatherViewController.swift */ = {isa = PBXFileReference; lastKnownFileType = sourcecode.swift; path = WeatherViewController.swift; sourceTree = "<group>"; };
		9AEF79ED28590CF6002DC18F /* Base */ = {isa = PBXFileReference; lastKnownFileType = file.storyboard; name = Base; path = Base.lproj/Main.storyboard; sourceTree = "<group>"; };
		9AEF79EF28590CF7002DC18F /* Assets.xcassets */ = {isa = PBXFileReference; lastKnownFileType = folder.assetcatalog; path = Assets.xcassets; sourceTree = "<group>"; };
		9AEF79F228590CF7002DC18F /* Base */ = {isa = PBXFileReference; lastKnownFileType = file.storyboard; name = Base; path = Base.lproj/LaunchScreen.storyboard; sourceTree = "<group>"; };
		9AEF79F428590CF7002DC18F /* Info.plist */ = {isa = PBXFileReference; lastKnownFileType = text.plist.xml; path = Info.plist; sourceTree = "<group>"; };
/* End PBXFileReference section */

/* Begin PBXFrameworksBuildPhase section */
		9AEF79E028590CF6002DC18F /* Frameworks */ = {
			isa = PBXFrameworksBuildPhase;
			buildActionMask = 2147483647;
			files = (
				339E61EF864ACF4E6F1C155C /* Pods_NWeatherApp.framework in Frameworks */,
			);
			runOnlyForDeploymentPostprocessing = 0;
		};
/* End PBXFrameworksBuildPhase section */

/* Begin PBXGroup section */
		229D270685DA69C6FC5EC47E /* Pods */ = {
			isa = PBXGroup;
			children = (
				7B584EAF2A87541CD86486A0 /* Pods-NWeatherApp.debug.xcconfig */,
				6511CB5D65A5E330F08D52EC /* Pods-NWeatherApp.release.xcconfig */,
			);
			path = Pods;
			sourceTree = "<group>";
		};
		9063F487B24E5AF2DBCBB9C5 /* Frameworks */ = {
			isa = PBXGroup;
			children = (
				218EC00745B61ADC2C99EB67 /* Pods_NWeatherApp.framework */,
			);
			name = Frameworks;
			sourceTree = "<group>";
		};
		9A5EFBD8285A7C47003B632C /* Models */ = {
			isa = PBXGroup;
			children = (
			);
			path = Models;
			sourceTree = "<group>";
		};
		9A92A3D928591038004FCF87 /* Resources */ = {
			isa = PBXGroup;
			children = (
				9AEF79E628590CF6002DC18F /* AppDelegate.swift */,
				9AEF79E828590CF6002DC18F /* SceneDelegate.swift */,
			);
			path = Resources;
			sourceTree = "<group>";
		};
		9A92A3DA2859103E004FCF87 /* Controllers */ = {
			isa = PBXGroup;
			children = (
				9A92A3DD2859106B004FCF87 /* WelcomeViewController.swift */,
				9AEF79EA28590CF6002DC18F /* WeatherViewController.swift */,
				9A5EFBD9285A8689003B632C /* GoogleMapViewController.swift */,
			);
			path = Controllers;
			sourceTree = "<group>";
		};
		9A92A3DB28591044004FCF87 /* Views */ = {
			isa = PBXGroup;
			children = (
				9AEF79EC28590CF6002DC18F /* Main.storyboard */,
				9AEF79F128590CF7002DC18F /* LaunchScreen.storyboard */,
			);
			path = Views;
			sourceTree = "<group>";
		};
		9A92A3DC28591049004FCF87 /* SupportingFiles */ = {
			isa = PBXGroup;
			children = (
				9AEF79EF28590CF7002DC18F /* Assets.xcassets */,
				9A92A3DF2859107A004FCF87 /* Constants.swift */,
			);
			path = SupportingFiles;
			sourceTree = "<group>";
		};
		9AEF79DA28590CF6002DC18F = {
			isa = PBXGroup;
			children = (
				9AEF79E528590CF6002DC18F /* NWeatherApp */,
				9AEF79E428590CF6002DC18F /* Products */,
				229D270685DA69C6FC5EC47E /* Pods */,
				9063F487B24E5AF2DBCBB9C5 /* Frameworks */,
			);
			sourceTree = "<group>";
		};
		9AEF79E428590CF6002DC18F /* Products */ = {
			isa = PBXGroup;
			children = (
				9AEF79E328590CF6002DC18F /* NWeatherApp.app */,
			);
			name = Products;
			sourceTree = "<group>";
		};
		9AEF79E528590CF6002DC18F /* NWeatherApp */ = {
			isa = PBXGroup;
			children = (
				9A92A3D928591038004FCF87 /* Resources */,
				9A5EFBD8285A7C47003B632C /* Models */,
				9A92A3DB28591044004FCF87 /* Views */,
				9A92A3DA2859103E004FCF87 /* Controllers */,
				9A92A3DC28591049004FCF87 /* SupportingFiles */,
				9AEF79F428590CF7002DC18F /* Info.plist */,
				9A92A3E1285910AE004FCF87 /* GoogleService-Info.plist */,
			);
			path = NWeatherApp;
			sourceTree = "<group>";
		};
/* End PBXGroup section */

/* Begin PBXNativeTarget section */
		9AEF79E228590CF6002DC18F /* NWeatherApp */ = {
			isa = PBXNativeTarget;
			buildConfigurationList = 9AEF79F728590CF7002DC18F /* Build configuration list for PBXNativeTarget "NWeatherApp" */;
			buildPhases = (
				FF82A1392F10E5CBC4CE47C5 /* [CP] Check Pods Manifest.lock */,
				9AEF79DF28590CF6002DC18F /* Sources */,
				9AEF79E028590CF6002DC18F /* Frameworks */,
				9AEF79E128590CF6002DC18F /* Resources */,
				C63F548B7BB9CB28089602D9 /* [CP] Copy Pods Resources */,
				ABB58F9F4681C33AE3DF326A /* [CP] Embed Pods Frameworks */,
			);
			buildRules = (
			);
			dependencies = (
			);
			name = NWeatherApp;
			productName = NWeatherApp;
			productReference = 9AEF79E328590CF6002DC18F /* NWeatherApp.app */;
			productType = "com.apple.product-type.application";
		};
/* End PBXNativeTarget section */

/* Begin PBXProject section */
		9AEF79DB28590CF6002DC18F /* Project object */ = {
			isa = PBXProject;
			attributes = {
				BuildIndependentTargetsInParallel = 1;
				LastSwiftUpdateCheck = 1340;
				LastUpgradeCheck = 1340;
				TargetAttributes = {
					9AEF79E228590CF6002DC18F = {
						CreatedOnToolsVersion = 13.4.1;
					};
				};
			};
			buildConfigurationList = 9AEF79DE28590CF6002DC18F /* Build configuration list for PBXProject "NWeatherApp" */;
			compatibilityVersion = "Xcode 13.0";
			developmentRegion = en;
			hasScannedForEncodings = 0;
			knownRegions = (
				en,
				Base,
			);
			mainGroup = 9AEF79DA28590CF6002DC18F;
			productRefGroup = 9AEF79E428590CF6002DC18F /* Products */;
			projectDirPath = "";
			projectRoot = "";
			targets = (
				9AEF79E228590CF6002DC18F /* NWeatherApp */,
			);
		};
/* End PBXProject section */

/* Begin PBXResourcesBuildPhase section */
		9AEF79E128590CF6002DC18F /* Resources */ = {
			isa = PBXResourcesBuildPhase;
			buildActionMask = 2147483647;
			files = (
				9AEF79F328590CF7002DC18F /* LaunchScreen.storyboard in Resources */,
				9A92A3E2285910AE004FCF87 /* GoogleService-Info.plist in Resources */,
				9AEF79F028590CF7002DC18F /* Assets.xcassets in Resources */,
				9AEF79EE28590CF6002DC18F /* Main.storyboard in Resources */,
			);
			runOnlyForDeploymentPostprocessing = 0;
		};
/* End PBXResourcesBuildPhase section */

/* Begin PBXShellScriptBuildPhase section */
		ABB58F9F4681C33AE3DF326A /* [CP] Embed Pods Frameworks */ = {
			isa = PBXShellScriptBuildPhase;
			buildActionMask = 2147483647;
			files = (
			);
			inputFileListPaths = (
				"${PODS_ROOT}/Target Support Files/Pods-NWeatherApp/Pods-NWeatherApp-frameworks-${CONFIGURATION}-input-files.xcfilelist",
			);
			name = "[CP] Embed Pods Frameworks";
			outputFileListPaths = (
				"${PODS_ROOT}/Target Support Files/Pods-NWeatherApp/Pods-NWeatherApp-frameworks-${CONFIGURATION}-output-files.xcfilelist",
			);
			runOnlyForDeploymentPostprocessing = 0;
			shellPath = /bin/sh;
			shellScript = "\"${PODS_ROOT}/Target Support Files/Pods-NWeatherApp/Pods-NWeatherApp-frameworks.sh\"\n";
			showEnvVarsInLog = 0;
		};
		C63F548B7BB9CB28089602D9 /* [CP] Copy Pods Resources */ = {
			isa = PBXShellScriptBuildPhase;
			buildActionMask = 2147483647;
			files = (
			);
			inputFileListPaths = (
				"${PODS_ROOT}/Target Support Files/Pods-NWeatherApp/Pods-NWeatherApp-resources-${CONFIGURATION}-input-files.xcfilelist",
			);
			name = "[CP] Copy Pods Resources";
			outputFileListPaths = (
				"${PODS_ROOT}/Target Support Files/Pods-NWeatherApp/Pods-NWeatherApp-resources-${CONFIGURATION}-output-files.xcfilelist",
			);
			runOnlyForDeploymentPostprocessing = 0;
			shellPath = /bin/sh;
			shellScript = "\"${PODS_ROOT}/Target Support Files/Pods-NWeatherApp/Pods-NWeatherApp-resources.sh\"\n";
			showEnvVarsInLog = 0;
		};
		FF82A1392F10E5CBC4CE47C5 /* [CP] Check Pods Manifest.lock */ = {
			isa = PBXShellScriptBuildPhase;
			buildActionMask = 2147483647;
			files = (
			);
			inputFileListPaths = (
			);
			inputPaths = (
				"${PODS_PODFILE_DIR_PATH}/Podfile.lock",
				"${PODS_ROOT}/Manifest.lock",
			);
			name = "[CP] Check Pods Manifest.lock";
			outputFileListPaths = (
			);
			outputPaths = (
				"$(DERIVED_FILE_DIR)/Pods-NWeatherApp-checkManifestLockResult.txt",
			);
			runOnlyForDeploymentPostprocessing = 0;
			shellPath = /bin/sh;
			shellScript = "diff \"${PODS_PODFILE_DIR_PATH}/Podfile.lock\" \"${PODS_ROOT}/Manifest.lock\" > /dev/null\nif [ $? != 0 ] ; then\n    # print error to STDERR\n    echo \"error: The sandbox is not in sync with the Podfile.lock. Run 'pod install' or update your CocoaPods installation.\" >&2\n    exit 1\nfi\n# This output is used by Xcode 'outputs' to avoid re-running this script phase.\necho \"SUCCESS\" > \"${SCRIPT_OUTPUT_FILE_0}\"\n";
			showEnvVarsInLog = 0;
		};
/* End PBXShellScriptBuildPhase section */

/* Begin PBXSourcesBuildPhase section */
		9AEF79DF28590CF6002DC18F /* Sources */ = {
			isa = PBXSourcesBuildPhase;
			buildActionMask = 2147483647;
			files = (
				9A5EFBDA285A8689003B632C /* GoogleMapViewController.swift in Sources */,
				9A92A3E02859107A004FCF87 /* Constants.swift in Sources */,
				9AEF79EB28590CF6002DC18F /* WeatherViewController.swift in Sources */,
				9A92A3DE2859106B004FCF87 /* WelcomeViewController.swift in Sources */,
				9AEF79E728590CF6002DC18F /* AppDelegate.swift in Sources */,
				9AEF79E928590CF6002DC18F /* SceneDelegate.swift in Sources */,
			);
			runOnlyForDeploymentPostprocessing = 0;
		};
/* End PBXSourcesBuildPhase section */

/* Begin PBXVariantGroup section */
		9AEF79EC28590CF6002DC18F /* Main.storyboard */ = {
			isa = PBXVariantGroup;
			children = (
				9AEF79ED28590CF6002DC18F /* Base */,
			);
			name = Main.storyboard;
			sourceTree = "<group>";
		};
		9AEF79F128590CF7002DC18F /* LaunchScreen.storyboard */ = {
			isa = PBXVariantGroup;
			children = (
				9AEF79F228590CF7002DC18F /* Base */,
			);
			name = LaunchScreen.storyboard;
			sourceTree = "<group>";
		};
/* End PBXVariantGroup section */

/* Begin XCBuildConfiguration section */
		9AEF79F528590CF7002DC18F /* Debug */ = {
			isa = XCBuildConfiguration;
			buildSettings = {
				ALWAYS_SEARCH_USER_PATHS = NO;
				CLANG_ANALYZER_NONNULL = YES;
				CLANG_ANALYZER_NUMBER_OBJECT_CONVERSION = YES_AGGRESSIVE;
				CLANG_CXX_LANGUAGE_STANDARD = "gnu++17";
				CLANG_ENABLE_MODULES = YES;
				CLANG_ENABLE_OBJC_ARC = YES;
				CLANG_ENABLE_OBJC_WEAK = YES;
				CLANG_WARN_BLOCK_CAPTURE_AUTORELEASING = YES;
				CLANG_WARN_BOOL_CONVERSION = YES;
				CLANG_WARN_COMMA = YES;
				CLANG_WARN_CONSTANT_CONVERSION = YES;
				CLANG_WARN_DEPRECATED_OBJC_IMPLEMENTATIONS = YES;
				CLANG_WARN_DIRECT_OBJC_ISA_USAGE = YES_ERROR;
				CLANG_WARN_DOCUMENTATION_COMMENTS = YES;
				CLANG_WARN_EMPTY_BODY = YES;
				CLANG_WARN_ENUM_CONVERSION = YES;
				CLANG_WARN_INFINITE_RECURSION = YES;
				CLANG_WARN_INT_CONVERSION = YES;
				CLANG_WARN_NON_LITERAL_NULL_CONVERSION = YES;
				CLANG_WARN_OBJC_IMPLICIT_RETAIN_SELF = YES;
				CLANG_WARN_OBJC_LITERAL_CONVERSION = YES;
				CLANG_WARN_OBJC_ROOT_CLASS = YES_ERROR;
				CLANG_WARN_QUOTED_INCLUDE_IN_FRAMEWORK_HEADER = YES;
				CLANG_WARN_RANGE_LOOP_ANALYSIS = YES;
				CLANG_WARN_STRICT_PROTOTYPES = YES;
				CLANG_WARN_SUSPICIOUS_MOVE = YES;
				CLANG_WARN_UNGUARDED_AVAILABILITY = YES_AGGRESSIVE;
				CLANG_WARN_UNREACHABLE_CODE = YES;
				CLANG_WARN__DUPLICATE_METHOD_MATCH = YES;
				COPY_PHASE_STRIP = NO;
				DEBUG_INFORMATION_FORMAT = dwarf;
				ENABLE_STRICT_OBJC_MSGSEND = YES;
				ENABLE_TESTABILITY = YES;
				GCC_C_LANGUAGE_STANDARD = gnu11;
				GCC_DYNAMIC_NO_PIC = NO;
				GCC_NO_COMMON_BLOCKS = YES;
				GCC_OPTIMIZATION_LEVEL = 0;
				GCC_PREPROCESSOR_DEFINITIONS = (
					"DEBUG=1",
					"$(inherited)",
				);
				GCC_WARN_64_TO_32_BIT_CONVERSION = YES;
				GCC_WARN_ABOUT_RETURN_TYPE = YES_ERROR;
				GCC_WARN_UNDECLARED_SELECTOR = YES;
				GCC_WARN_UNINITIALIZED_AUTOS = YES_AGGRESSIVE;
				GCC_WARN_UNUSED_FUNCTION = YES;
				GCC_WARN_UNUSED_VARIABLE = YES;
				IPHONEOS_DEPLOYMENT_TARGET = 15.5;
				MTL_ENABLE_DEBUG_INFO = INCLUDE_SOURCE;
				MTL_FAST_MATH = YES;
				ONLY_ACTIVE_ARCH = YES;
				SDKROOT = iphoneos;
				SWIFT_ACTIVE_COMPILATION_CONDITIONS = DEBUG;
				SWIFT_OPTIMIZATION_LEVEL = "-Onone";
			};
			name = Debug;
		};
		9AEF79F628590CF7002DC18F /* Release */ = {
			isa = XCBuildConfiguration;
			buildSettings = {
				ALWAYS_SEARCH_USER_PATHS = NO;
				CLANG_ANALYZER_NONNULL = YES;
				CLANG_ANALYZER_NUMBER_OBJECT_CONVERSION = YES_AGGRESSIVE;
				CLANG_CXX_LANGUAGE_STANDARD = "gnu++17";
				CLANG_ENABLE_MODULES = YES;
				CLANG_ENABLE_OBJC_ARC = YES;
				CLANG_ENABLE_OBJC_WEAK = YES;
				CLANG_WARN_BLOCK_CAPTURE_AUTORELEASING = YES;
				CLANG_WARN_BOOL_CONVERSION = YES;
				CLANG_WARN_COMMA = YES;
				CLANG_WARN_CONSTANT_CONVERSION = YES;
				CLANG_WARN_DEPRECATED_OBJC_IMPLEMENTATIONS = YES;
				CLANG_WARN_DIRECT_OBJC_ISA_USAGE = YES_ERROR;
				CLANG_WARN_DOCUMENTATION_COMMENTS = YES;
				CLANG_WARN_EMPTY_BODY = YES;
				CLANG_WARN_ENUM_CONVERSION = YES;
				CLANG_WARN_INFINITE_RECURSION = YES;
				CLANG_WARN_INT_CONVERSION = YES;
				CLANG_WARN_NON_LITERAL_NULL_CONVERSION = YES;
				CLANG_WARN_OBJC_IMPLICIT_RETAIN_SELF = YES;
				CLANG_WARN_OBJC_LITERAL_CONVERSION = YES;
				CLANG_WARN_OBJC_ROOT_CLASS = YES_ERROR;
				CLANG_WARN_QUOTED_INCLUDE_IN_FRAMEWORK_HEADER = YES;
				CLANG_WARN_RANGE_LOOP_ANALYSIS = YES;
				CLANG_WARN_STRICT_PROTOTYPES = YES;
				CLANG_WARN_SUSPICIOUS_MOVE = YES;
				CLANG_WARN_UNGUARDED_AVAILABILITY = YES_AGGRESSIVE;
				CLANG_WARN_UNREACHABLE_CODE = YES;
				CLANG_WARN__DUPLICATE_METHOD_MATCH = YES;
				COPY_PHASE_STRIP = NO;
				DEBUG_INFORMATION_FORMAT = "dwarf-with-dsym";
				ENABLE_NS_ASSERTIONS = NO;
				ENABLE_STRICT_OBJC_MSGSEND = YES;
				GCC_C_LANGUAGE_STANDARD = gnu11;
				GCC_NO_COMMON_BLOCKS = YES;
				GCC_WARN_64_TO_32_BIT_CONVERSION = YES;
				GCC_WARN_ABOUT_RETURN_TYPE = YES_ERROR;
				GCC_WARN_UNDECLARED_SELECTOR = YES;
				GCC_WARN_UNINITIALIZED_AUTOS = YES_AGGRESSIVE;
				GCC_WARN_UNUSED_FUNCTION = YES;
				GCC_WARN_UNUSED_VARIABLE = YES;
				IPHONEOS_DEPLOYMENT_TARGET = 15.5;
				MTL_ENABLE_DEBUG_INFO = NO;
				MTL_FAST_MATH = YES;
				SDKROOT = iphoneos;
				SWIFT_COMPILATION_MODE = wholemodule;
				SWIFT_OPTIMIZATION_LEVEL = "-O";
				VALIDATE_PRODUCT = YES;
			};
			name = Release;
		};
		9AEF79F828590CF7002DC18F /* Debug */ = {
			isa = XCBuildConfiguration;
			baseConfigurationReference = 7B584EAF2A87541CD86486A0 /* Pods-NWeatherApp.debug.xcconfig */;
			buildSettings = {
				ASSETCATALOG_COMPILER_APPICON_NAME = AppIcon;
				ASSETCATALOG_COMPILER_GLOBAL_ACCENT_COLOR_NAME = AccentColor;
				CODE_SIGN_STYLE = Automatic;
				CURRENT_PROJECT_VERSION = 1;
				DEVELOPMENT_TEAM = 9A2Y9UTZLK;
				"EXCLUDED_ARCHS[sdk=*]" = arm64;
				GENERATE_INFOPLIST_FILE = YES;
				INFOPLIST_FILE = NWeatherApp/Info.plist;
				INFOPLIST_KEY_UIApplicationSupportsIndirectInputEvents = YES;
				INFOPLIST_KEY_UILaunchStoryboardName = LaunchScreen;
				INFOPLIST_KEY_UIMainStoryboardFile = Main;
				INFOPLIST_KEY_UISupportedInterfaceOrientations_iPad = "UIInterfaceOrientationPortrait UIInterfaceOrientationPortraitUpsideDown UIInterfaceOrientationLandscapeLeft UIInterfaceOrientationLandscapeRight";
				INFOPLIST_KEY_UISupportedInterfaceOrientations_iPhone = "UIInterfaceOrientationPortrait UIInterfaceOrientationLandscapeLeft UIInterfaceOrientationLandscapeRight";
				LD_RUNPATH_SEARCH_PATHS = (
					"$(inherited)",
					"@executable_path/Frameworks",
				);
				MARKETING_VERSION = 1.0;
				PRODUCT_BUNDLE_IDENTIFIER = com.niestierov.NWeatherApp;
				PRODUCT_NAME = "$(TARGET_NAME)";
				SWIFT_EMIT_LOC_STRINGS = YES;
				SWIFT_VERSION = 5.0;
				TARGETED_DEVICE_FAMILY = "1,2";
			};
			name = Debug;
		};
		9AEF79F928590CF7002DC18F /* Release */ = {
			isa = XCBuildConfiguration;
			baseConfigurationReference = 6511CB5D65A5E330F08D52EC /* Pods-NWeatherApp.release.xcconfig */;
			buildSettings = {
				ASSETCATALOG_COMPILER_APPICON_NAME = AppIcon;
				ASSETCATALOG_COMPILER_GLOBAL_ACCENT_COLOR_NAME = AccentColor;
				CODE_SIGN_STYLE = Automatic;
				CURRENT_PROJECT_VERSION = 1;
				DEVELOPMENT_TEAM = 9A2Y9UTZLK;
				"EXCLUDED_ARCHS[sdk=*]" = arm64;
				GENERATE_INFOPLIST_FILE = YES;
				INFOPLIST_FILE = NWeatherApp/Info.plist;
				INFOPLIST_KEY_UIApplicationSupportsIndirectInputEvents = YES;
				INFOPLIST_KEY_UILaunchStoryboardName = LaunchScreen;
				INFOPLIST_KEY_UIMainStoryboardFile = Main;
				INFOPLIST_KEY_UISupportedInterfaceOrientations_iPad = "UIInterfaceOrientationPortrait UIInterfaceOrientationPortraitUpsideDown UIInterfaceOrientationLandscapeLeft UIInterfaceOrientationLandscapeRight";
				INFOPLIST_KEY_UISupportedInterfaceOrientations_iPhone = "UIInterfaceOrientationPortrait UIInterfaceOrientationLandscapeLeft UIInterfaceOrientationLandscapeRight";
				LD_RUNPATH_SEARCH_PATHS = (
					"$(inherited)",
					"@executable_path/Frameworks",
				);
				MARKETING_VERSION = 1.0;
				PRODUCT_BUNDLE_IDENTIFIER = com.niestierov.NWeatherApp;
				PRODUCT_NAME = "$(TARGET_NAME)";
				SWIFT_EMIT_LOC_STRINGS = YES;
				SWIFT_VERSION = 5.0;
				TARGETED_DEVICE_FAMILY = "1,2";
			};
			name = Release;
		};
/* End XCBuildConfiguration section */

/* Begin XCConfigurationList section */
		9AEF79DE28590CF6002DC18F /* Build configuration list for PBXProject "NWeatherApp" */ = {
			isa = XCConfigurationList;
			buildConfigurations = (
				9AEF79F528590CF7002DC18F /* Debug */,
				9AEF79F628590CF7002DC18F /* Release */,
			);
			defaultConfigurationIsVisible = 0;
			defaultConfigurationName = Release;
		};
		9AEF79F728590CF7002DC18F /* Build configuration list for PBXNativeTarget "NWeatherApp" */ = {
			isa = XCConfigurationList;
			buildConfigurations = (
				9AEF79F828590CF7002DC18F /* Debug */,
				9AEF79F928590CF7002DC18F /* Release */,
			);
			defaultConfigurationIsVisible = 0;
			defaultConfigurationName = Release;
		};
/* End XCConfigurationList section */
	};
	rootObject = 9AEF79DB28590CF6002DC18F /* Project object */;
}
